
Microsoft Visual Studio Solution File, Format Version 12.00
# Visual Studio Version 17
VisualStudioVersion = 17.0.31825.309
MinimumVisualStudioVersion = 10.0.40219.1
Project("{2150E333-8FDC-42A3-9474-1A3956D46DE8}") = "Desafios", "Desafios", "{B762278F-B902-4144-807E-B118838E5F9B}"
EndProject
Project("{2150E333-8FDC-42A3-9474-1A3956D46DE8}") = "01-StringCalculator", "01-StringCalculator", "{A82F6BE3-7E3B-419F-9CD7-3D297CD28A1E}"
EndProject
Project("{2150E333-8FDC-42A3-9474-1A3956D46DE8}") = "02-RomanNumerals", "02-RomanNumerals", "{9D59214C-4670-48B9-91C9-6CDDF5097220}"
EndProject
Project("{2150E333-8FDC-42A3-9474-1A3956D46DE8}") = "03-ConwaysGameOfLife", "03-ConwaysGameOfLife", "{166B2D18-D6AF-4642-872F-A08B2746C77F}"
EndProject
Project("{9A19103F-16F7-4668-BE54-9A1E7A4F7556}") = "Library.Core", "01\StringCalculator.Lib\Library.Core.csproj", "{0FB22331-6D3D-4EFE-9AA8-8626607FF6C1}"
EndProject
Project("{9A19103F-16F7-4668-BE54-9A1E7A4F7556}") = "Cmd.Core", "01\StringCalculator.Cmd\Cmd.Core.csproj", "{7284A828-AF0D-43CE-AFB7-4D8949C97962}"
EndProject
Project("{9A19103F-16F7-4668-BE54-9A1E7A4F7556}") = "Testing", "01\StringCalculator.Test.Core\Testing.csproj", "{0296E663-9D6B-4DEB-AE37-1F16F5DD15B8}"
EndProject
Project("{9A19103F-16F7-4668-BE54-9A1E7A4F7556}") = "Cmd.Core", "02\RomanNumerals.Cmd\Cmd.Core.csproj", "{811C9C3B-4430-4651-A0E0-758530186A5A}"
EndProject
Project("{9A19103F-16F7-4668-BE54-9A1E7A4F7556}") = "Library.Core", "02\RomanNumerals.Lib\Library.Core.csproj", "{059CCEC4-3474-49BC-9E2D-D370F01B5173}"
EndProject
Project("{9A19103F-16F7-4668-BE54-9A1E7A4F7556}") = "Testing", "02\RomanNumerals.Test.Core\Testing.csproj", "{CBCF3C58-D163-4FBD-B392-34EA98E806D1}"
EndProject
Project("{9A19103F-16F7-4668-BE54-9A1E7A4F7556}") = "Cmd.Core", "03\GameOfLife.Cmd\Cmd.Core.csproj", "{3FF31C3B-B074-4584-9D2C-7AF1F80D3144}"
EndProject
Project("{9A19103F-16F7-4668-BE54-9A1E7A4F7556}") = "Library.Core", "03\GameOfLife.Lib\Library.Core.csproj", "{63A6FDC2-B05F-4F1C-9729-A5BE1BCFD90D}"
EndProject
Project("{9A19103F-16F7-4668-BE54-9A1E7A4F7556}") = "Testing", "03\GameOfLife.Test.Core\Testing.csproj", "{8D0BAE90-5388-47CA-AB3D-EBB3169EBF52}"
EndProject
Global
	GlobalSection(SolutionConfigurationPlatforms) = preSolution
		Debug|Any CPU = Debug|Any CPU
		Release|Any CPU = Release|Any CPU
	EndGlobalSection
	GlobalSection(ProjectConfigurationPlatforms) = postSolution
		{0FB22331-6D3D-4EFE-9AA8-8626607FF6C1}.Debug|Any CPU.ActiveCfg = Debug|Any CPU
		{0FB22331-6D3D-4EFE-9AA8-8626607FF6C1}.Debug|Any CPU.Build.0 = Debug|Any CPU
		{0FB22331-6D3D-4EFE-9AA8-8626607FF6C1}.Release|Any CPU.ActiveCfg = Release|Any CPU
		{0FB22331-6D3D-4EFE-9AA8-8626607FF6C1}.Release|Any CPU.Build.0 = Release|Any CPU
		{7284A828-AF0D-43CE-AFB7-4D8949C97962}.Debug|Any CPU.ActiveCfg = Debug|Any CPU
		{7284A828-AF0D-43CE-AFB7-4D8949C97962}.Debug|Any CPU.Build.0 = Debug|Any CPU
		{7284A828-AF0D-43CE-AFB7-4D8949C97962}.Release|Any CPU.ActiveCfg = Release|Any CPU
		{7284A828-AF0D-43CE-AFB7-4D8949C97962}.Release|Any CPU.Build.0 = Release|Any CPU
		{0296E663-9D6B-4DEB-AE37-1F16F5DD15B8}.Debug|Any CPU.ActiveCfg = Debug|Any CPU
		{0296E663-9D6B-4DEB-AE37-1F16F5DD15B8}.Debug|Any CPU.Build.0 = Debug|Any CPU
		{0296E663-9D6B-4DEB-AE37-1F16F5DD15B8}.Release|Any CPU.ActiveCfg = Release|Any CPU
		{0296E663-9D6B-4DEB-AE37-1F16F5DD15B8}.Release|Any CPU.Build.0 = Release|Any CPU
		{811C9C3B-4430-4651-A0E0-758530186A5A}.Debug|Any CPU.ActiveCfg = Debug|Any CPU
		{811C9C3B-4430-4651-A0E0-758530186A5A}.Debug|Any CPU.Build.0 = Debug|Any CPU
		{811C9C3B-4430-4651-A0E0-758530186A5A}.Release|Any CPU.ActiveCfg = Release|Any CPU
		{811C9C3B-4430-4651-A0E0-758530186A5A}.Release|Any CPU.Build.0 = Release|Any CPU
		{059CCEC4-3474-49BC-9E2D-D370F01B5173}.Debug|Any CPU.ActiveCfg = Debug|Any CPU
		{059CCEC4-3474-49BC-9E2D-D370F01B5173}.Debug|Any CPU.Build.0 = Debug|Any CPU
		{059CCEC4-3474-49BC-9E2D-D370F01B5173}.Release|Any CPU.ActiveCfg = Release|Any CPU
		{059CCEC4-3474-49BC-9E2D-D370F01B5173}.Release|Any CPU.Build.0 = Release|Any CPU
		{CBCF3C58-D163-4FBD-B392-34EA98E806D1}.Debug|Any CPU.ActiveCfg = Debug|Any CPU
		{CBCF3C58-D163-4FBD-B392-34EA98E806D1}.Debug|Any CPU.Build.0 = Debug|Any CPU
		{CBCF3C58-D163-4FBD-B392-34EA98E806D1}.Release|Any CPU.ActiveCfg = Release|Any CPU
		{CBCF3C58-D163-4FBD-B392-34EA98E806D1}.Release|Any CPU.Build.0 = Release|Any CPU
		{3FF31C3B-B074-4584-9D2C-7AF1F80D3144}.Debug|Any CPU.ActiveCfg = Debug|Any CPU
		{3FF31C3B-B074-4584-9D2C-7AF1F80D3144}.Debug|Any CPU.Build.0 = Debug|Any CPU
		{3FF31C3B-B074-4584-9D2C-7AF1F80D3144}.Release|Any CPU.ActiveCfg = Release|Any CPU
		{3FF31C3B-B074-4584-9D2C-7AF1F80D3144}.Release|Any CPU.Build.0 = Release|Any CPU
		{63A6FDC2-B05F-4F1C-9729-A5BE1BCFD90D}.Debug|Any CPU.ActiveCfg = Debug|Any CPU
		{63A6FDC2-B05F-4F1C-9729-A5BE1BCFD90D}.Debug|Any CPU.Build.0 = Debug|Any CPU
		{63A6FDC2-B05F-4F1C-9729-A5BE1BCFD90D}.Release|Any CPU.ActiveCfg = Release|Any CPU
		{63A6FDC2-B05F-4F1C-9729-A5BE1BCFD90D}.Release|Any CPU.Build.0 = Release|Any CPU
		{8D0BAE90-5388-47CA-AB3D-EBB3169EBF52}.Debug|Any CPU.ActiveCfg = Debug|Any CPU
		{8D0BAE90-5388-47CA-AB3D-EBB3169EBF52}.Debug|Any CPU.Build.0 = Debug|Any CPU
		{8D0BAE90-5388-47CA-AB3D-EBB3169EBF52}.Release|Any CPU.ActiveCfg = Release|Any CPU
		{8D0BAE90-5388-47CA-AB3D-EBB3169EBF52}.Release|Any CPU.Build.0 = Release|Any CPU
	EndGlobalSection
	GlobalSection(SolutionProperties) = preSolution
		HideSolutionNode = FALSE
	EndGlobalSection
	GlobalSection(NestedProjects) = preSolution
		{A82F6BE3-7E3B-419F-9CD7-3D297CD28A1E} = {B762278F-B902-4144-807E-B118838E5F9B}
		{9D59214C-4670-48B9-91C9-6CDDF5097220} = {B762278F-B902-4144-807E-B118838E5F9B}
		{166B2D18-D6AF-4642-872F-A08B2746C77F} = {B762278F-B902-4144-807E-B118838E5F9B}
		{0FB22331-6D3D-4EFE-9AA8-8626607FF6C1} = {A82F6BE3-7E3B-419F-9CD7-3D297CD28A1E}
		{7284A828-AF0D-43CE-AFB7-4D8949C97962} = {A82F6BE3-7E3B-419F-9CD7-3D297CD28A1E}
		{0296E663-9D6B-4DEB-AE37-1F16F5DD15B8} = {A82F6BE3-7E3B-419F-9CD7-3D297CD28A1E}
		{811C9C3B-4430-4651-A0E0-758530186A5A} = {9D59214C-4670-48B9-91C9-6CDDF5097220}
		{059CCEC4-3474-49BC-9E2D-D370F01B5173} = {9D59214C-4670-48B9-91C9-6CDDF5097220}
		{CBCF3C58-D163-4FBD-B392-34EA98E806D1} = {9D59214C-4670-48B9-91C9-6CDDF5097220}
		{3FF31C3B-B074-4584-9D2C-7AF1F80D3144} = {166B2D18-D6AF-4642-872F-A08B2746C77F}
		{63A6FDC2-B05F-4F1C-9729-A5BE1BCFD90D} = {166B2D18-D6AF-4642-872F-A08B2746C77F}
		{8D0BAE90-5388-47CA-AB3D-EBB3169EBF52} = {166B2D18-D6AF-4642-872F-A08B2746C77F}
	EndGlobalSection
	GlobalSection(ExtensibilityGlobals) = postSolution
		SolutionGuid = {A03F5C1F-10E5-477F-9369-BA5DE3B793B3}
	EndGlobalSection
EndGlobal
