
Microsoft Visual Studio Solution File, Format Version 12.00
# Visual Studio Version 17
VisualStudioVersion = 17.0.31825.309
MinimumVisualStudioVersion = 10.0.40219.1
Project("{2150E333-8FDC-42A3-9474-1A3956D46DE8}") = "Desafios", "Desafios", "{76913EEC-9A39-46E3-98D9-ADB40E35F281}"
EndProject
Project("{2150E333-8FDC-42A3-9474-1A3956D46DE8}") = "01-StringCalculator", "01-StringCalculator", "{CB017F79-E598-4769-B746-A0023DB43B20}"
EndProject
Project("{2150E333-8FDC-42A3-9474-1A3956D46DE8}") = "02-RomanNumerals", "02-RomanNumerals", "{4A1C56B9-DBF2-42A0-94F2-07D08D8A0622}"
EndProject
Project("{2150E333-8FDC-42A3-9474-1A3956D46DE8}") = "03-ConwaysGameOfLife", "03-ConwaysGameOfLife", "{5419D4BB-8128-4E93-9CB6-1664EB9F506F}"
EndProject
Project("{FAE04EC0-301F-11D3-BF4B-00C04F79EFBC}") = "StringCalculator.Lib", "01\StringCalculator.Lib\StringCalculator.Lib.csproj", "{1F5EE6DD-3252-405C-92C5-D56296F2B8E7}"
EndProject
Project("{FAE04EC0-301F-11D3-BF4B-00C04F79EFBC}") = "RomanNumerals.Lib", "02\RomanNumerals.Lib\RomanNumerals.Lib.csproj", "{38984298-ABEF-4EAC-BC8A-D789132F7E77}"
EndProject
Project("{FAE04EC0-301F-11D3-BF4B-00C04F79EFBC}") = "GameOfLife.Lib", "03\GameOfLife.Lib\GameOfLife.Lib.csproj", "{F7B9A1F5-BF8B-42F9-BE00-7BF91EA33E73}"
EndProject
Project("{FAE04EC0-301F-11D3-BF4B-00C04F79EFBC}") = "StringCalculator.Cmd", "01\StringCalculator.Cmd\StringCalculator.Cmd.csproj", "{7C366D34-03DD-4456-87A8-49E25AFB3825}"
EndProject
Project("{FAE04EC0-301F-11D3-BF4B-00C04F79EFBC}") = "RomanNumerals.Cmd", "02\RomanNumerals.Cmd\RomanNumerals.Cmd.csproj", "{B51F0666-B95C-4E21-8369-9869DEFBDD26}"
EndProject
Project("{FAE04EC0-301F-11D3-BF4B-00C04F79EFBC}") = "GameOfLife.Cmd", "03\GameOfLife.Cmd\GameOfLife.Cmd.csproj", "{37A3AE0D-8543-4410-BA70-6BB96285CD83}"
EndProject
Project("{FAE04EC0-301F-11D3-BF4B-00C04F79EFBC}") = "StringCalculator.Test", "01\StringCalculator.Test\StringCalculator.Test.csproj", "{0DD3C182-4B3F-4AE2-8316-D2FB7E09D8B4}"
EndProject
Project("{FAE04EC0-301F-11D3-BF4B-00C04F79EFBC}") = "RomanNumerals.Test", "02\RomanNumerals.Test\RomanNumerals.Test.csproj", "{E60516C4-B048-4415-94A8-27F46DCB2ED9}"
EndProject
Project("{FAE04EC0-301F-11D3-BF4B-00C04F79EFBC}") = "GameOfLife.Test", "03\GameOfLife.Test\GameOfLife.Test.csproj", "{401F2271-A549-4BF7-9A48-44A1B50F2798}"
EndProject
Global
	GlobalSection(SolutionConfigurationPlatforms) = preSolution
		Debug|Any CPU = Debug|Any CPU
		Release|Any CPU = Release|Any CPU
	EndGlobalSection
	GlobalSection(ProjectConfigurationPlatforms) = postSolution
		{1F5EE6DD-3252-405C-92C5-D56296F2B8E7}.Debug|Any CPU.ActiveCfg = Debug|Any CPU
		{1F5EE6DD-3252-405C-92C5-D56296F2B8E7}.Debug|Any CPU.Build.0 = Debug|Any CPU
		{1F5EE6DD-3252-405C-92C5-D56296F2B8E7}.Release|Any CPU.ActiveCfg = Release|Any CPU
		{1F5EE6DD-3252-405C-92C5-D56296F2B8E7}.Release|Any CPU.Build.0 = Release|Any CPU
		{38984298-ABEF-4EAC-BC8A-D789132F7E77}.Debug|Any CPU.ActiveCfg = Debug|Any CPU
		{38984298-ABEF-4EAC-BC8A-D789132F7E77}.Debug|Any CPU.Build.0 = Debug|Any CPU
		{38984298-ABEF-4EAC-BC8A-D789132F7E77}.Release|Any CPU.ActiveCfg = Release|Any CPU
		{38984298-ABEF-4EAC-BC8A-D789132F7E77}.Release|Any CPU.Build.0 = Release|Any CPU
		{F7B9A1F5-BF8B-42F9-BE00-7BF91EA33E73}.Debug|Any CPU.ActiveCfg = Debug|Any CPU
		{F7B9A1F5-BF8B-42F9-BE00-7BF91EA33E73}.Debug|Any CPU.Build.0 = Debug|Any CPU
		{F7B9A1F5-BF8B-42F9-BE00-7BF91EA33E73}.Release|Any CPU.ActiveCfg = Release|Any CPU
		{F7B9A1F5-BF8B-42F9-BE00-7BF91EA33E73}.Release|Any CPU.Build.0 = Release|Any CPU
		{7C366D34-03DD-4456-87A8-49E25AFB3825}.Debug|Any CPU.ActiveCfg = Debug|Any CPU
		{7C366D34-03DD-4456-87A8-49E25AFB3825}.Debug|Any CPU.Build.0 = Debug|Any CPU
		{7C366D34-03DD-4456-87A8-49E25AFB3825}.Release|Any CPU.ActiveCfg = Release|Any CPU
		{7C366D34-03DD-4456-87A8-49E25AFB3825}.Release|Any CPU.Build.0 = Release|Any CPU
		{B51F0666-B95C-4E21-8369-9869DEFBDD26}.Debug|Any CPU.ActiveCfg = Debug|Any CPU
		{B51F0666-B95C-4E21-8369-9869DEFBDD26}.Debug|Any CPU.Build.0 = Debug|Any CPU
		{B51F0666-B95C-4E21-8369-9869DEFBDD26}.Release|Any CPU.ActiveCfg = Release|Any CPU
		{B51F0666-B95C-4E21-8369-9869DEFBDD26}.Release|Any CPU.Build.0 = Release|Any CPU
		{37A3AE0D-8543-4410-BA70-6BB96285CD83}.Debug|Any CPU.ActiveCfg = Debug|Any CPU
		{37A3AE0D-8543-4410-BA70-6BB96285CD83}.Debug|Any CPU.Build.0 = Debug|Any CPU
		{37A3AE0D-8543-4410-BA70-6BB96285CD83}.Release|Any CPU.ActiveCfg = Release|Any CPU
		{37A3AE0D-8543-4410-BA70-6BB96285CD83}.Release|Any CPU.Build.0 = Release|Any CPU
		{0DD3C182-4B3F-4AE2-8316-D2FB7E09D8B4}.Debug|Any CPU.ActiveCfg = Debug|Any CPU
		{0DD3C182-4B3F-4AE2-8316-D2FB7E09D8B4}.Debug|Any CPU.Build.0 = Debug|Any CPU
		{0DD3C182-4B3F-4AE2-8316-D2FB7E09D8B4}.Release|Any CPU.ActiveCfg = Release|Any CPU
		{0DD3C182-4B3F-4AE2-8316-D2FB7E09D8B4}.Release|Any CPU.Build.0 = Release|Any CPU
		{E60516C4-B048-4415-94A8-27F46DCB2ED9}.Debug|Any CPU.ActiveCfg = Debug|Any CPU
		{E60516C4-B048-4415-94A8-27F46DCB2ED9}.Debug|Any CPU.Build.0 = Debug|Any CPU
		{E60516C4-B048-4415-94A8-27F46DCB2ED9}.Release|Any CPU.ActiveCfg = Release|Any CPU
		{E60516C4-B048-4415-94A8-27F46DCB2ED9}.Release|Any CPU.Build.0 = Release|Any CPU
		{401F2271-A549-4BF7-9A48-44A1B50F2798}.Debug|Any CPU.ActiveCfg = Debug|Any CPU
		{401F2271-A549-4BF7-9A48-44A1B50F2798}.Debug|Any CPU.Build.0 = Debug|Any CPU
		{401F2271-A549-4BF7-9A48-44A1B50F2798}.Release|Any CPU.ActiveCfg = Release|Any CPU
		{401F2271-A549-4BF7-9A48-44A1B50F2798}.Release|Any CPU.Build.0 = Release|Any CPU
	EndGlobalSection
	GlobalSection(SolutionProperties) = preSolution
		HideSolutionNode = FALSE
	EndGlobalSection
	GlobalSection(NestedProjects) = preSolution
		{CB017F79-E598-4769-B746-A0023DB43B20} = {76913EEC-9A39-46E3-98D9-ADB40E35F281}
		{4A1C56B9-DBF2-42A0-94F2-07D08D8A0622} = {76913EEC-9A39-46E3-98D9-ADB40E35F281}
		{5419D4BB-8128-4E93-9CB6-1664EB9F506F} = {76913EEC-9A39-46E3-98D9-ADB40E35F281}
		{1F5EE6DD-3252-405C-92C5-D56296F2B8E7} = {CB017F79-E598-4769-B746-A0023DB43B20}
		{38984298-ABEF-4EAC-BC8A-D789132F7E77} = {4A1C56B9-DBF2-42A0-94F2-07D08D8A0622}
		{F7B9A1F5-BF8B-42F9-BE00-7BF91EA33E73} = {5419D4BB-8128-4E93-9CB6-1664EB9F506F}
		{7C366D34-03DD-4456-87A8-49E25AFB3825} = {CB017F79-E598-4769-B746-A0023DB43B20}
		{B51F0666-B95C-4E21-8369-9869DEFBDD26} = {4A1C56B9-DBF2-42A0-94F2-07D08D8A0622}
		{37A3AE0D-8543-4410-BA70-6BB96285CD83} = {5419D4BB-8128-4E93-9CB6-1664EB9F506F}
		{0DD3C182-4B3F-4AE2-8316-D2FB7E09D8B4} = {CB017F79-E598-4769-B746-A0023DB43B20}
		{E60516C4-B048-4415-94A8-27F46DCB2ED9} = {4A1C56B9-DBF2-42A0-94F2-07D08D8A0622}
		{401F2271-A549-4BF7-9A48-44A1B50F2798} = {5419D4BB-8128-4E93-9CB6-1664EB9F506F}
	EndGlobalSection
	GlobalSection(ExtensibilityGlobals) = postSolution
		SolutionGuid = {C4511F72-315F-4247-8219-4276A0644332}
	EndGlobalSection
EndGlobal
